
Microsoft Visual Studio Solution File, Format Version 12.00
# Visual Studio Version 17
VisualStudioVersion = 17.14.36616.10 d17.14
MinimumVisualStudioVersion = 10.0.40219.1
Project("{FAE04EC0-301F-11D3-BF4B-00C04F79EFBC}") = "HybridTracker-Pro", "HybridTracker-Pro.csproj", "{1AFBDD92-8FD7-4CC4-8C8F-4885EC5315EB}"
EndProject
Global
	GlobalSection(SolutionConfigurationPlatforms) = preSolution
		Debug|Any CPU = Debug|Any CPU
		Release|Any CPU = Release|Any CPU
	EndGlobalSection
	GlobalSection(ProjectConfigurationPlatforms) = postSolution
		{1AFBDD92-8FD7-4CC4-8C8F-4885EC5315EB}.Debug|Any CPU.ActiveCfg = Debug|Any CPU
		{1AFBDD92-8FD7-4CC4-8C8F-4885EC5315EB}.Debug|Any CPU.Build.0 = Debug|Any CPU
		{1AFBDD92-8FD7-4CC4-8C8F-4885EC5315EB}.Release|Any CPU.ActiveCfg = Release|Any CPU
		{1AFBDD92-8FD7-4CC4-8C8F-4885EC5315EB}.Release|Any CPU.Build.0 = Release|Any CPU
	EndGlobalSection
	GlobalSection(SolutionProperties) = preSolution
		HideSolutionNode = FALSE
	EndGlobalSection
	GlobalSection(ExtensibilityGlobals) = postSolution
		SolutionGuid = {E0290A73-3778-4B99-83C2-55B020C3E92D}
	EndGlobalSection
EndGlobal
